
Microsoft Visual Studio Solution File, Format Version 12.00
Project("{FAE04EC0-301F-11D3-BF4B-00C04F79EFBC}") = "FinApp", "FinApp\FinApp.csproj", "{463C80EA-FEA9-4477-B844-72CEC1D79129}"
EndProject
Project("{FAE04EC0-301F-11D3-BF4B-00C04F79EFBC}") = "ClassLibrary", "ClassLibrary\ClassLibrary.csproj", "{C46FFA09-BCD4-438E-BF06-05C6D2499AB7}"
EndProject
Project("{FAE04EC0-301F-11D3-BF4B-00C04F79EFBC}") = "FinTest", "FinTest\FinTest.csproj", "{3640A92F-8D97-4BAC-9CFE-9C1BD3F12BBB}"
EndProject
Global
	GlobalSection(SolutionConfigurationPlatforms) = preSolution
		Debug|Any CPU = Debug|Any CPU
		Release|Any CPU = Release|Any CPU
	EndGlobalSection
	GlobalSection(ProjectConfigurationPlatforms) = postSolution
		{463C80EA-FEA9-4477-B844-72CEC1D79129}.Debug|Any CPU.ActiveCfg = Debug|Any CPU
		{463C80EA-FEA9-4477-B844-72CEC1D79129}.Debug|Any CPU.Build.0 = Debug|Any CPU
		{463C80EA-FEA9-4477-B844-72CEC1D79129}.Release|Any CPU.ActiveCfg = Release|Any CPU
		{463C80EA-FEA9-4477-B844-72CEC1D79129}.Release|Any CPU.Build.0 = Release|Any CPU
		{C46FFA09-BCD4-438E-BF06-05C6D2499AB7}.Debug|Any CPU.ActiveCfg = Debug|Any CPU
		{C46FFA09-BCD4-438E-BF06-05C6D2499AB7}.Debug|Any CPU.Build.0 = Debug|Any CPU
		{C46FFA09-BCD4-438E-BF06-05C6D2499AB7}.Release|Any CPU.ActiveCfg = Release|Any CPU
		{C46FFA09-BCD4-438E-BF06-05C6D2499AB7}.Release|Any CPU.Build.0 = Release|Any CPU
		{3640A92F-8D97-4BAC-9CFE-9C1BD3F12BBB}.Debug|Any CPU.ActiveCfg = Debug|Any CPU
		{3640A92F-8D97-4BAC-9CFE-9C1BD3F12BBB}.Debug|Any CPU.Build.0 = Debug|Any CPU
		{3640A92F-8D97-4BAC-9CFE-9C1BD3F12BBB}.Release|Any CPU.ActiveCfg = Release|Any CPU
		{3640A92F-8D97-4BAC-9CFE-9C1BD3F12BBB}.Release|Any CPU.Build.0 = Release|Any CPU
	EndGlobalSection
EndGlobal
